{
  "name": "Svelte-Project",
  "lockfileVersion": 3,
  "requires": true,
  "packages": {
    "": {
      "dependencies": {
        "nexusui": "^2.1.6"
      }
    },
    "node_modules/nexusui": {
      "version": "2.1.6",
      "resolved": "https://registry.npmjs.org/nexusui/-/nexusui-2.1.6.tgz",
      "integrity": "sha512-tAtYZE82R8wvOp1GeW59TWCjSZksI5OVr+yS7tvF0LXOQnWkQW/WWCa7nqPeVXU7m1L3YjS+w76SnglpGOjA3w=="
    }
  }
}
